
Microsoft Visual Studio Solution File, Format Version 12.00
# Visual Studio Version 17
VisualStudioVersion = 17.4.33110.190
MinimumVisualStudioVersion = 10.0.40219.1
Project("{FAE04EC0-301F-11D3-BF4B-00C04F79EFBC}") = "CalculateArea", "CalculateArea\CalculateArea.csproj", "{3114B13A-6AFB-4398-8893-7EFC9FE43BCB}"
EndProject
Global
	GlobalSection(SolutionConfigurationPlatforms) = preSolution
		Debug|Any CPU = Debug|Any CPU
		Release|Any CPU = Release|Any CPU
	EndGlobalSection
	GlobalSection(ProjectConfigurationPlatforms) = postSolution
		{3114B13A-6AFB-4398-8893-7EFC9FE43BCB}.Debug|Any CPU.ActiveCfg = Debug|Any CPU
		{3114B13A-6AFB-4398-8893-7EFC9FE43BCB}.Debug|Any CPU.Build.0 = Debug|Any CPU
		{3114B13A-6AFB-4398-8893-7EFC9FE43BCB}.Release|Any CPU.ActiveCfg = Release|Any CPU
		{3114B13A-6AFB-4398-8893-7EFC9FE43BCB}.Release|Any CPU.Build.0 = Release|Any CPU
	EndGlobalSection
	GlobalSection(SolutionProperties) = preSolution
		HideSolutionNode = FALSE
	EndGlobalSection
	GlobalSection(ExtensibilityGlobals) = postSolution
		SolutionGuid = {EEC0A825-05CD-493F-8CAA-27B8D4DAB1CC}
	EndGlobalSection
EndGlobal
